
Microsoft Visual Studio Solution File, Format Version 9.00
# Visual C# Express 2005
Project("{FAE04EC0-301F-11D3-BF4B-00C04F79EFBC}") = "Momiji", "Momiji.csproj", "{D882205B-2B86-4C19-B859-B3B13482F597}"
EndProject
Global
	GlobalSection(SolutionConfigurationPlatforms) = preSolution
		Debug|Any CPU = Debug|Any CPU
		Release|Any CPU = Release|Any CPU
	EndGlobalSection
	GlobalSection(ProjectConfigurationPlatforms) = postSolution
		{D882205B-2B86-4C19-B859-B3B13482F597}.Debug|Any CPU.ActiveCfg = Debug|Any CPU
		{D882205B-2B86-4C19-B859-B3B13482F597}.Debug|Any CPU.Build.0 = Debug|Any CPU
		{D882205B-2B86-4C19-B859-B3B13482F597}.Release|Any CPU.ActiveCfg = Release|Any CPU
		{D882205B-2B86-4C19-B859-B3B13482F597}.Release|Any CPU.Build.0 = Release|Any CPU
	EndGlobalSection
	GlobalSection(SolutionProperties) = preSolution
		HideSolutionNode = FALSE
	EndGlobalSection
EndGlobal
